
Microsoft Visual Studio Solution File, Format Version 12.00
# Visual Studio Version 17
VisualStudioVersion = 17.7.34009.444
MinimumVisualStudioVersion = 10.0.40219.1
Project("{9A19103F-16F7-4668-BE54-9A1E7A4F7556}") = "Mvc", "Mvc\Mvc.csproj", "{55D60912-54E5-4672-8DAC-D4793220CABD}"
EndProject
Project("{9A19103F-16F7-4668-BE54-9A1E7A4F7556}") = "SharedModels", "SharedModels\SharedModels.csproj", "{B4CF0107-3D44-4870-B954-0697D1EA564E}"
EndProject
Project("{9A19103F-16F7-4668-BE54-9A1E7A4F7556}") = "Api", "Api\Api.csproj", "{5729273C-8E33-4516-90EC-B951B6F273CA}"
EndProject
Global
	GlobalSection(SolutionConfigurationPlatforms) = preSolution
		Debug|Any CPU = Debug|Any CPU
		Release|Any CPU = Release|Any CPU
	EndGlobalSection
	GlobalSection(ProjectConfigurationPlatforms) = postSolution
		{55D60912-54E5-4672-8DAC-D4793220CABD}.Debug|Any CPU.ActiveCfg = Debug|Any CPU
		{55D60912-54E5-4672-8DAC-D4793220CABD}.Debug|Any CPU.Build.0 = Debug|Any CPU
		{55D60912-54E5-4672-8DAC-D4793220CABD}.Release|Any CPU.ActiveCfg = Release|Any CPU
		{55D60912-54E5-4672-8DAC-D4793220CABD}.Release|Any CPU.Build.0 = Release|Any CPU
		{B4CF0107-3D44-4870-B954-0697D1EA564E}.Debug|Any CPU.ActiveCfg = Debug|Any CPU
		{B4CF0107-3D44-4870-B954-0697D1EA564E}.Debug|Any CPU.Build.0 = Debug|Any CPU
		{B4CF0107-3D44-4870-B954-0697D1EA564E}.Release|Any CPU.ActiveCfg = Release|Any CPU
		{B4CF0107-3D44-4870-B954-0697D1EA564E}.Release|Any CPU.Build.0 = Release|Any CPU
		{5729273C-8E33-4516-90EC-B951B6F273CA}.Debug|Any CPU.ActiveCfg = Debug|Any CPU
		{5729273C-8E33-4516-90EC-B951B6F273CA}.Debug|Any CPU.Build.0 = Debug|Any CPU
		{5729273C-8E33-4516-90EC-B951B6F273CA}.Release|Any CPU.ActiveCfg = Release|Any CPU
		{5729273C-8E33-4516-90EC-B951B6F273CA}.Release|Any CPU.Build.0 = Release|Any CPU
	EndGlobalSection
	GlobalSection(SolutionProperties) = preSolution
		HideSolutionNode = FALSE
	EndGlobalSection
	GlobalSection(ExtensibilityGlobals) = postSolution
		SolutionGuid = {97B9D659-0433-400C-9FD3-CC8CFF73756F}
	EndGlobalSection
EndGlobal
